// !$*UTF8*$!
{
	archiveVersion = 1;
	classes = {
	};
	objectVersion = 55;
	objects = {

/* Begin PBXBuildFile section */
		01B0216527FD80BB00A7D37C /* WebService.swift in Sources */ = {isa = PBXBuildFile; fileRef = 01B0216427FD80BB00A7D37C /* WebService.swift */; };
		01D57DF727FDB4AC0017F854 /* NewsViewModel.swift in Sources */ = {isa = PBXBuildFile; fileRef = 01D57DF627FDB4AC0017F854 /* NewsViewModel.swift */; };
		01ECA30327FC88FE00195671 /* AppDelegate.swift in Sources */ = {isa = PBXBuildFile; fileRef = 01ECA30227FC88FE00195671 /* AppDelegate.swift */; };
		01ECA30527FC88FE00195671 /* SceneDelegate.swift in Sources */ = {isa = PBXBuildFile; fileRef = 01ECA30427FC88FE00195671 /* SceneDelegate.swift */; };
		01ECA30727FC88FE00195671 /* ViewController.swift in Sources */ = {isa = PBXBuildFile; fileRef = 01ECA30627FC88FE00195671 /* ViewController.swift */; };
		01ECA30A27FC88FE00195671 /* Main.storyboard in Resources */ = {isa = PBXBuildFile; fileRef = 01ECA30827FC88FE00195671 /* Main.storyboard */; };
		01ECA30C27FC88FE00195671 /* Assets.xcassets in Resources */ = {isa = PBXBuildFile; fileRef = 01ECA30B27FC88FE00195671 /* Assets.xcassets */; };
		01ECA30F27FC88FE00195671 /* LaunchScreen.storyboard in Resources */ = {isa = PBXBuildFile; fileRef = 01ECA30D27FC88FE00195671 /* LaunchScreen.storyboard */; };
		01ECA31727FC8A9A00195671 /* NewsTableViewCell.swift in Sources */ = {isa = PBXBuildFile; fileRef = 01ECA31627FC8A9A00195671 /* NewsTableViewCell.swift */; };
		01ECA31C27FC92EC00195671 /* News.swift in Sources */ = {isa = PBXBuildFile; fileRef = 01ECA31B27FC92EC00195671 /* News.swift */; };
/* End PBXBuildFile section */

/* Begin PBXFileReference section */
		01B0216427FD80BB00A7D37C /* WebService.swift */ = {isa = PBXFileReference; lastKnownFileType = sourcecode.swift; path = WebService.swift; sourceTree = "<group>"; };
		01D57DF627FDB4AC0017F854 /* NewsViewModel.swift */ = {isa = PBXFileReference; lastKnownFileType = sourcecode.swift; path = NewsViewModel.swift; sourceTree = "<group>"; };
		01ECA2FF27FC88FE00195671 /* News.app */ = {isa = PBXFileReference; explicitFileType = wrapper.application; includeInIndex = 0; path = News.app; sourceTree = BUILT_PRODUCTS_DIR; };
		01ECA30227FC88FE00195671 /* AppDelegate.swift */ = {isa = PBXFileReference; lastKnownFileType = sourcecode.swift; path = AppDelegate.swift; sourceTree = "<group>"; };
		01ECA30427FC88FE00195671 /* SceneDelegate.swift */ = {isa = PBXFileReference; lastKnownFileType = sourcecode.swift; path = SceneDelegate.swift; sourceTree = "<group>"; };
		01ECA30627FC88FE00195671 /* ViewController.swift */ = {isa = PBXFileReference; lastKnownFileType = sourcecode.swift; path = ViewController.swift; sourceTree = "<group>"; };
		01ECA30927FC88FE00195671 /* Base */ = {isa = PBXFileReference; lastKnownFileType = file.storyboard; name = Base; path = Base.lproj/Main.storyboard; sourceTree = "<group>"; };
		01ECA30B27FC88FE00195671 /* Assets.xcassets */ = {isa = PBXFileReference; lastKnownFileType = folder.assetcatalog; path = Assets.xcassets; sourceTree = "<group>"; };
		01ECA30E27FC88FE00195671 /* Base */ = {isa = PBXFileReference; lastKnownFileType = file.storyboard; name = Base; path = Base.lproj/LaunchScreen.storyboard; sourceTree = "<group>"; };
		01ECA31027FC88FE00195671 /* Info.plist */ = {isa = PBXFileReference; lastKnownFileType = text.plist.xml; path = Info.plist; sourceTree = "<group>"; };
		01ECA31627FC8A9A00195671 /* NewsTableViewCell.swift */ = {isa = PBXFileReference; lastKnownFileType = sourcecode.swift; path = NewsTableViewCell.swift; sourceTree = "<group>"; };
		01ECA31B27FC92EC00195671 /* News.swift */ = {isa = PBXFileReference; lastKnownFileType = sourcecode.swift; path = News.swift; sourceTree = "<group>"; };
/* End PBXFileReference section */

/* Begin PBXFrameworksBuildPhase section */
		01ECA2FC27FC88FE00195671 /* Frameworks */ = {
			isa = PBXFrameworksBuildPhase;
			buildActionMask = 2147483647;
			files = (
			);
			runOnlyForDeploymentPostprocessing = 0;
		};
/* End PBXFrameworksBuildPhase section */

/* Begin PBXGroup section */
		01B0216327FD80AF00A7D37C /* Service */ = {
			isa = PBXGroup;
			children = (
				01B0216427FD80BB00A7D37C /* WebService.swift */,
			);
			path = Service;
			sourceTree = "<group>";
		};
		01ECA2F627FC88FE00195671 = {
			isa = PBXGroup;
			children = (
				01ECA30127FC88FE00195671 /* News */,
				01ECA30027FC88FE00195671 /* Products */,
			);
			sourceTree = "<group>";
		};
		01ECA30027FC88FE00195671 /* Products */ = {
			isa = PBXGroup;
			children = (
				01ECA2FF27FC88FE00195671 /* News.app */,
			);
			name = Products;
			sourceTree = "<group>";
		};
		01ECA30127FC88FE00195671 /* News */ = {
			isa = PBXGroup;
			children = (
				01B0216327FD80AF00A7D37C /* Service */,
				01ECA31827FC929100195671 /* View */,
				01ECA31927FC929B00195671 /* ViewModel */,
				01ECA31A27FC92A300195671 /* Model */,
				01ECA30827FC88FE00195671 /* Main.storyboard */,
				01ECA30B27FC88FE00195671 /* Assets.xcassets */,
				01ECA30D27FC88FE00195671 /* LaunchScreen.storyboard */,
				01ECA31027FC88FE00195671 /* Info.plist */,
			);
			path = News;
			sourceTree = "<group>";
		};
		01ECA31827FC929100195671 /* View */ = {
			isa = PBXGroup;
			children = (
				01ECA30227FC88FE00195671 /* AppDelegate.swift */,
				01ECA30427FC88FE00195671 /* SceneDelegate.swift */,
				01ECA30627FC88FE00195671 /* ViewController.swift */,
				01ECA31627FC8A9A00195671 /* NewsTableViewCell.swift */,
			);
			path = View;
			sourceTree = "<group>";
		};
		01ECA31927FC929B00195671 /* ViewModel */ = {
			isa = PBXGroup;
			children = (
				01D57DF627FDB4AC0017F854 /* NewsViewModel.swift */,
			);
			path = ViewModel;
			sourceTree = "<group>";
		};
		01ECA31A27FC92A300195671 /* Model */ = {
			isa = PBXGroup;
			children = (
				01ECA31B27FC92EC00195671 /* News.swift */,
			);
			path = Model;
			sourceTree = "<group>";
		};
/* End PBXGroup section */

/* Begin PBXNativeTarget section */
		01ECA2FE27FC88FE00195671 /* News */ = {
			isa = PBXNativeTarget;
			buildConfigurationList = 01ECA31327FC88FE00195671 /* Build configuration list for PBXNativeTarget "News" */;
			buildPhases = (
				01ECA2FB27FC88FE00195671 /* Sources */,
				01ECA2FC27FC88FE00195671 /* Frameworks */,
				01ECA2FD27FC88FE00195671 /* Resources */,
			);
			buildRules = (
			);
			dependencies = (
			);
			name = News;
			productName = News;
			productReference = 01ECA2FF27FC88FE00195671 /* News.app */;
			productType = "com.apple.product-type.application";
		};
/* End PBXNativeTarget section */

/* Begin PBXProject section */
		01ECA2F727FC88FE00195671 /* Project object */ = {
			isa = PBXProject;
			attributes = {
				BuildIndependentTargetsInParallel = 1;
				LastSwiftUpdateCheck = 1330;
				LastUpgradeCheck = 1330;
				TargetAttributes = {
					01ECA2FE27FC88FE00195671 = {
						CreatedOnToolsVersion = 13.3;
					};
				};
			};
			buildConfigurationList = 01ECA2FA27FC88FE00195671 /* Build configuration list for PBXProject "News" */;
			compatibilityVersion = "Xcode 13.0";
			developmentRegion = en;
			hasScannedForEncodings = 0;
			knownRegions = (
				en,
				Base,
			);
			mainGroup = 01ECA2F627FC88FE00195671;
			productRefGroup = 01ECA30027FC88FE00195671 /* Products */;
			projectDirPath = "";
			projectRoot = "";
			targets = (
				01ECA2FE27FC88FE00195671 /* News */,
			);
		};
/* End PBXProject section */

/* Begin PBXResourcesBuildPhase section */
		01ECA2FD27FC88FE00195671 /* Resources */ = {
			isa = PBXResourcesBuildPhase;
			buildActionMask = 2147483647;
			files = (
				01ECA30F27FC88FE00195671 /* LaunchScreen.storyboard in Resources */,
				01ECA30C27FC88FE00195671 /* Assets.xcassets in Resources */,
				01ECA30A27FC88FE00195671 /* Main.storyboard in Resources */,
			);
			runOnlyForDeploymentPostprocessing = 0;
		};
/* End PBXResourcesBuildPhase section */

/* Begin PBXSourcesBuildPhase section */
		01ECA2FB27FC88FE00195671 /* Sources */ = {
			isa = PBXSourcesBuildPhase;
			buildActionMask = 2147483647;
			files = (
				01B0216527FD80BB00A7D37C /* WebService.swift in Sources */,
				01ECA30727FC88FE00195671 /* ViewController.swift in Sources */,
				01ECA30327FC88FE00195671 /* AppDelegate.swift in Sources */,
				01ECA31727FC8A9A00195671 /* NewsTableViewCell.swift in Sources */,
				01D57DF727FDB4AC0017F854 /* NewsViewModel.swift in Sources */,
				01ECA31C27FC92EC00195671 /* News.swift in Sources */,
				01ECA30527FC88FE00195671 /* SceneDelegate.swift in Sources */,
			);
			runOnlyForDeploymentPostprocessing = 0;
		};
/* End PBXSourcesBuildPhase section */

/* Begin PBXVariantGroup section */
		01ECA30827FC88FE00195671 /* Main.storyboard */ = {
			isa = PBXVariantGroup;
			children = (
				01ECA30927FC88FE00195671 /* Base */,
			);
			name = Main.storyboard;
			sourceTree = "<group>";
		};
		01ECA30D27FC88FE00195671 /* LaunchScreen.storyboard */ = {
			isa = PBXVariantGroup;
			children = (
				01ECA30E27FC88FE00195671 /* Base */,
			);
			name = LaunchScreen.storyboard;
			sourceTree = "<group>";
		};
/* End PBXVariantGroup section */

/* Begin XCBuildConfiguration section */
		01ECA31127FC88FE00195671 /* Debug */ = {
			isa = XCBuildConfiguration;
			buildSettings = {
				ALWAYS_SEARCH_USER_PATHS = NO;
				CLANG_ANALYZER_NONNULL = YES;
				CLANG_ANALYZER_NUMBER_OBJECT_CONVERSION = YES_AGGRESSIVE;
				CLANG_CXX_LANGUAGE_STANDARD = "gnu++17";
				CLANG_ENABLE_MODULES = YES;
				CLANG_ENABLE_OBJC_ARC = YES;
				CLANG_ENABLE_OBJC_WEAK = YES;
				CLANG_WARN_BLOCK_CAPTURE_AUTORELEASING = YES;
				CLANG_WARN_BOOL_CONVERSION = YES;
				CLANG_WARN_COMMA = YES;
				CLANG_WARN_CONSTANT_CONVERSION = YES;
				CLANG_WARN_DEPRECATED_OBJC_IMPLEMENTATIONS = YES;
				CLANG_WARN_DIRECT_OBJC_ISA_USAGE = YES_ERROR;
				CLANG_WARN_DOCUMENTATION_COMMENTS = YES;
				CLANG_WARN_EMPTY_BODY = YES;
				CLANG_WARN_ENUM_CONVERSION = YES;
				CLANG_WARN_INFINITE_RECURSION = YES;
				CLANG_WARN_INT_CONVERSION = YES;
				CLANG_WARN_NON_LITERAL_NULL_CONVERSION = YES;
				CLANG_WARN_OBJC_IMPLICIT_RETAIN_SELF = YES;
				CLANG_WARN_OBJC_LITERAL_CONVERSION = YES;
				CLANG_WARN_OBJC_ROOT_CLASS = YES_ERROR;
				CLANG_WARN_QUOTED_INCLUDE_IN_FRAMEWORK_HEADER = YES;
				CLANG_WARN_RANGE_LOOP_ANALYSIS = YES;
				CLANG_WARN_STRICT_PROTOTYPES = YES;
				CLANG_WARN_SUSPICIOUS_MOVE = YES;
				CLANG_WARN_UNGUARDED_AVAILABILITY = YES_AGGRESSIVE;
				CLANG_WARN_UNREACHABLE_CODE = YES;
				CLANG_WARN__DUPLICATE_METHOD_MATCH = YES;
				COPY_PHASE_STRIP = NO;
				DEBUG_INFORMATION_FORMAT = dwarf;
				ENABLE_STRICT_OBJC_MSGSEND = YES;
				ENABLE_TESTABILITY = YES;
				GCC_C_LANGUAGE_STANDARD = gnu11;
				GCC_DYNAMIC_NO_PIC = NO;
				GCC_NO_COMMON_BLOCKS = YES;
				GCC_OPTIMIZATION_LEVEL = 0;
				GCC_PREPROCESSOR_DEFINITIONS = (
					"DEBUG=1",
					"$(inherited)",
				);
				GCC_WARN_64_TO_32_BIT_CONVERSION = YES;
				GCC_WARN_ABOUT_RETURN_TYPE = YES_ERROR;
				GCC_WARN_UNDECLARED_SELECTOR = YES;
				GCC_WARN_UNINITIALIZED_AUTOS = YES_AGGRESSIVE;
				GCC_WARN_UNUSED_FUNCTION = YES;
				GCC_WARN_UNUSED_VARIABLE = YES;
				IPHONEOS_DEPLOYMENT_TARGET = 15.4;
				MTL_ENABLE_DEBUG_INFO = INCLUDE_SOURCE;
				MTL_FAST_MATH = YES;
				ONLY_ACTIVE_ARCH = YES;
				SDKROOT = iphoneos;
				SWIFT_ACTIVE_COMPILATION_CONDITIONS = DEBUG;
				SWIFT_OPTIMIZATION_LEVEL = "-Onone";
			};
			name = Debug;
		};
		01ECA31227FC88FE00195671 /* Release */ = {
			isa = XCBuildConfiguration;
			buildSettings = {
				ALWAYS_SEARCH_USER_PATHS = NO;
				CLANG_ANALYZER_NONNULL = YES;
				CLANG_ANALYZER_NUMBER_OBJECT_CONVERSION = YES_AGGRESSIVE;
				CLANG_CXX_LANGUAGE_STANDARD = "gnu++17";
				CLANG_ENABLE_MODULES = YES;
				CLANG_ENABLE_OBJC_ARC = YES;
				CLANG_ENABLE_OBJC_WEAK = YES;
				CLANG_WARN_BLOCK_CAPTURE_AUTORELEASING = YES;
				CLANG_WARN_BOOL_CONVERSION = YES;
				CLANG_WARN_COMMA = YES;
				CLANG_WARN_CONSTANT_CONVERSION = YES;
				CLANG_WARN_DEPRECATED_OBJC_IMPLEMENTATIONS = YES;
				CLANG_WARN_DIRECT_OBJC_ISA_USAGE = YES_ERROR;
				CLANG_WARN_DOCUMENTATION_COMMENTS = YES;
				CLANG_WARN_EMPTY_BODY = YES;
				CLANG_WARN_ENUM_CONVERSION = YES;
				CLANG_WARN_INFINITE_RECURSION = YES;
				CLANG_WARN_INT_CONVERSION = YES;
				CLANG_WARN_NON_LITERAL_NULL_CONVERSION = YES;
				CLANG_WARN_OBJC_IMPLICIT_RETAIN_SELF = YES;
				CLANG_WARN_OBJC_LITERAL_CONVERSION = YES;
				CLANG_WARN_OBJC_ROOT_CLASS = YES_ERROR;
				CLANG_WARN_QUOTED_INCLUDE_IN_FRAMEWORK_HEADER = YES;
				CLANG_WARN_RANGE_LOOP_ANALYSIS = YES;
				CLANG_WARN_STRICT_PROTOTYPES = YES;
				CLANG_WARN_SUSPICIOUS_MOVE = YES;
				CLANG_WARN_UNGUARDED_AVAILABILITY = YES_AGGRESSIVE;
				CLANG_WARN_UNREACHABLE_CODE = YES;
				CLANG_WARN__DUPLICATE_METHOD_MATCH = YES;
				COPY_PHASE_STRIP = NO;
				DEBUG_INFORMATION_FORMAT = "dwarf-with-dsym";
				ENABLE_NS_ASSERTIONS = NO;
				ENABLE_STRICT_OBJC_MSGSEND = YES;
				GCC_C_LANGUAGE_STANDARD = gnu11;
				GCC_NO_COMMON_BLOCKS = YES;
				GCC_WARN_64_TO_32_BIT_CONVERSION = YES;
				GCC_WARN_ABOUT_RETURN_TYPE = YES_ERROR;
				GCC_WARN_UNDECLARED_SELECTOR = YES;
				GCC_WARN_UNINITIALIZED_AUTOS = YES_AGGRESSIVE;
				GCC_WARN_UNUSED_FUNCTION = YES;
				GCC_WARN_UNUSED_VARIABLE = YES;
				IPHONEOS_DEPLOYMENT_TARGET = 15.4;
				MTL_ENABLE_DEBUG_INFO = NO;
				MTL_FAST_MATH = YES;
				SDKROOT = iphoneos;
				SWIFT_COMPILATION_MODE = wholemodule;
				SWIFT_OPTIMIZATION_LEVEL = "-O";
				VALIDATE_PRODUCT = YES;
			};
			name = Release;
		};
		01ECA31427FC88FE00195671 /* Debug */ = {
			isa = XCBuildConfiguration;
			buildSettings = {
				ASSETCATALOG_COMPILER_APPICON_NAME = AppIcon;
				ASSETCATALOG_COMPILER_GLOBAL_ACCENT_COLOR_NAME = AccentColor;
				CODE_SIGN_STYLE = Automatic;
				CURRENT_PROJECT_VERSION = 1;
				DEVELOPMENT_TEAM = XSY7H53P5K;
				GENERATE_INFOPLIST_FILE = YES;
				INFOPLIST_FILE = News/Info.plist;
				INFOPLIST_KEY_UIApplicationSupportsIndirectInputEvents = YES;
				INFOPLIST_KEY_UILaunchStoryboardName = LaunchScreen;
				INFOPLIST_KEY_UIMainStoryboardFile = Main;
				INFOPLIST_KEY_UISupportedInterfaceOrientations_iPad = "UIInterfaceOrientationPortrait UIInterfaceOrientationPortraitUpsideDown UIInterfaceOrientationLandscapeLeft UIInterfaceOrientationLandscapeRight";
				INFOPLIST_KEY_UISupportedInterfaceOrientations_iPhone = "UIInterfaceOrientationPortrait UIInterfaceOrientationLandscapeLeft UIInterfaceOrientationLandscapeRight";
				LD_RUNPATH_SEARCH_PATHS = (
					"$(inherited)",
					"@executable_path/Frameworks",
				);
				MARKETING_VERSION = 1.0;
				PRODUCT_BUNDLE_IDENTIFIER = CanerCagri.News;
				PRODUCT_NAME = "$(TARGET_NAME)";
				SWIFT_EMIT_LOC_STRINGS = YES;
				SWIFT_VERSION = 5.0;
				TARGETED_DEVICE_FAMILY = "1,2";
			};
			name = Debug;
		};
		01ECA31527FC88FE00195671 /* Release */ = {
			isa = XCBuildConfiguration;
			buildSettings = {
				ASSETCATALOG_COMPILER_APPICON_NAME = AppIcon;
				ASSETCATALOG_COMPILER_GLOBAL_ACCENT_COLOR_NAME = AccentColor;
				CODE_SIGN_STYLE = Automatic;
				CURRENT_PROJECT_VERSION = 1;
				DEVELOPMENT_TEAM = XSY7H53P5K;
				GENERATE_INFOPLIST_FILE = YES;
				INFOPLIST_FILE = News/Info.plist;
				INFOPLIST_KEY_UIApplicationSupportsIndirectInputEvents = YES;
				INFOPLIST_KEY_UILaunchStoryboardName = LaunchScreen;
				INFOPLIST_KEY_UIMainStoryboardFile = Main;
				INFOPLIST_KEY_UISupportedInterfaceOrientations_iPad = "UIInterfaceOrientationPortrait UIInterfaceOrientationPortraitUpsideDown UIInterfaceOrientationLandscapeLeft UIInterfaceOrientationLandscapeRight";
				INFOPLIST_KEY_UISupportedInterfaceOrientations_iPhone = "UIInterfaceOrientationPortrait UIInterfaceOrientationLandscapeLeft UIInterfaceOrientationLandscapeRight";
				LD_RUNPATH_SEARCH_PATHS = (
					"$(inherited)",
					"@executable_path/Frameworks",
				);
				MARKETING_VERSION = 1.0;
				PRODUCT_BUNDLE_IDENTIFIER = CanerCagri.News;
				PRODUCT_NAME = "$(TARGET_NAME)";
				SWIFT_EMIT_LOC_STRINGS = YES;
				SWIFT_VERSION = 5.0;
				TARGETED_DEVICE_FAMILY = "1,2";
			};
			name = Release;
		};
/* End XCBuildConfiguration section */

/* Begin XCConfigurationList section */
		01ECA2FA27FC88FE00195671 /* Build configuration list for PBXProject "News" */ = {
			isa = XCConfigurationList;
			buildConfigurations = (
				01ECA31127FC88FE00195671 /* Debug */,
				01ECA31227FC88FE00195671 /* Release */,
			);
			defaultConfigurationIsVisible = 0;
			defaultConfigurationName = Release;
		};
		01ECA31327FC88FE00195671 /* Build configuration list for PBXNativeTarget "News" */ = {
			isa = XCConfigurationList;
			buildConfigurations = (
				01ECA31427FC88FE00195671 /* Debug */,
				01ECA31527FC88FE00195671 /* Release */,
			);
			defaultConfigurationIsVisible = 0;
			defaultConfigurationName = Release;
		};
/* End XCConfigurationList section */
	};
	rootObject = 01ECA2F727FC88FE00195671 /* Project object */;
}
